Microsoft Visual Studio Solution File, Format Version 12.00
# Visual Studio Version 17
VisualStudioVersion = 17.5.2.0
MinimumVisualStudioVersion = 10.0.40219.1
Project("{FAE04EC0-301F-11D3-BF4B-00C04F79EFBC}") = "eShop", "eShop\eShop.csproj", "{951F54B3-7F0C-60F3-C94B-9553209FBEC7}"
EndProject
Project("{FAE04EC0-301F-11D3-BF4B-00C04F79EFBC}") = "simple-api", "simple-api\simple-api.csproj", "{9E516C14-A988-6E87-F797-865952D44EDD}"
EndProject
Global
	GlobalSection(SolutionConfigurationPlatforms) = preSolution
		Debug|Any CPU = Debug|Any CPU
		Release|Any CPU = Release|Any CPU
	EndGlobalSection
	GlobalSection(ProjectConfigurationPlatforms) = postSolution
		{951F54B3-7F0C-60F3-C94B-9553209FBEC7}.Debug|Any CPU.ActiveCfg = Debug|Any CPU
		{951F54B3-7F0C-60F3-C94B-9553209FBEC7}.Debug|Any CPU.Build.0 = Debug|Any CPU
		{951F54B3-7F0C-60F3-C94B-9553209FBEC7}.Release|Any CPU.ActiveCfg = Release|Any CPU
		{951F54B3-7F0C-60F3-C94B-9553209FBEC7}.Release|Any CPU.Build.0 = Release|Any CPU
		{9E516C14-A988-6E87-F797-865952D44EDD}.Debug|Any CPU.ActiveCfg = Debug|Any CPU
		{9E516C14-A988-6E87-F797-865952D44EDD}.Debug|Any CPU.Build.0 = Debug|Any CPU
		{9E516C14-A988-6E87-F797-865952D44EDD}.Release|Any CPU.ActiveCfg = Release|Any CPU
		{9E516C14-A988-6E87-F797-865952D44EDD}.Release|Any CPU.Build.0 = Release|Any CPU
	EndGlobalSection
	GlobalSection(SolutionProperties) = preSolution
		HideSolutionNode = FALSE
	EndGlobalSection
	GlobalSection(ExtensibilityGlobals) = postSolution
		SolutionGuid = {8FA3B6A5-9B93-4B9B-A137-0886F00D27C2}
	EndGlobalSection
EndGlobal
